
Microsoft Visual Studio Solution File, Format Version 12.00
# Visual Studio Version 17
VisualStudioVersion = 17.14.36811.4
MinimumVisualStudioVersion = 10.0.40219.1
Project("{FAE04EC0-301F-11D3-BF4B-00C04F79EFBC}") = "BestelApp_Web", "BestelApp_Web.csproj", "{F9E4E930-D770-4187-876E-620F87E77FD8}"
EndProject
Project("{FAE04EC0-301F-11D3-BF4B-00C04F79EFBC}") = "BestelApp_Models", "..\BestelApp_Models\BestelApp_Models.csproj", "{9C1E856A-201C-4637-8860-471997803EFA}"
EndProject
Project("{FAE04EC0-301F-11D3-BF4B-00C04F79EFBC}") = "BestelApp_Cons", "..\BestelApp_Cons\BestelApp_Cons.csproj", "{375B4CE2-2BBA-442E-AE66-ECA83BA46C83}"
EndProject
Global
	GlobalSection(SolutionConfigurationPlatforms) = preSolution
		Debug|Any CPU = Debug|Any CPU
		Release|Any CPU = Release|Any CPU
	EndGlobalSection
	GlobalSection(ProjectConfigurationPlatforms) = postSolution
		{F9E4E930-D770-4187-876E-620F87E77FD8}.Debug|Any CPU.ActiveCfg = Debug|Any CPU
		{F9E4E930-D770-4187-876E-620F87E77FD8}.Debug|Any CPU.Build.0 = Debug|Any CPU
		{F9E4E930-D770-4187-876E-620F87E77FD8}.Release|Any CPU.ActiveCfg = Release|Any CPU
		{F9E4E930-D770-4187-876E-620F87E77FD8}.Release|Any CPU.Build.0 = Release|Any CPU
		{9C1E856A-201C-4637-8860-471997803EFA}.Debug|Any CPU.ActiveCfg = Debug|Any CPU
		{9C1E856A-201C-4637-8860-471997803EFA}.Debug|Any CPU.Build.0 = Debug|Any CPU
		{9C1E856A-201C-4637-8860-471997803EFA}.Release|Any CPU.ActiveCfg = Release|Any CPU
		{9C1E856A-201C-4637-8860-471997803EFA}.Release|Any CPU.Build.0 = Release|Any CPU
		{375B4CE2-2BBA-442E-AE66-ECA83BA46C83}.Debug|Any CPU.ActiveCfg = Debug|Any CPU
		{375B4CE2-2BBA-442E-AE66-ECA83BA46C83}.Debug|Any CPU.Build.0 = Debug|Any CPU
		{375B4CE2-2BBA-442E-AE66-ECA83BA46C83}.Release|Any CPU.ActiveCfg = Release|Any CPU
		{375B4CE2-2BBA-442E-AE66-ECA83BA46C83}.Release|Any CPU.Build.0 = Release|Any CPU
	EndGlobalSection
	GlobalSection(SolutionProperties) = preSolution
		HideSolutionNode = FALSE
	EndGlobalSection
	GlobalSection(ExtensibilityGlobals) = postSolution
		SolutionGuid = {30BB9B33-CB42-493B-B693-29B255DF1016}
	EndGlobalSection
EndGlobal
